
Microsoft Visual Studio Solution File, Format Version 12.00
# Visual Studio 15
VisualStudioVersion = 15.0.28010.2046
MinimumVisualStudioVersion = 10.0.40219.1
Project("{FAE04EC0-301F-11D3-BF4B-00C04F79EFBC}") = "CM_Lab1", "CM_Lab1\CM_Lab1.csproj", "{703FE968-258A-4390-BBD3-4202CB917860}"
EndProject
Global
	GlobalSection(SolutionConfigurationPlatforms) = preSolution
		Debug|Any CPU = Debug|Any CPU
		Release|Any CPU = Release|Any CPU
	EndGlobalSection
	GlobalSection(ProjectConfigurationPlatforms) = postSolution
		{703FE968-258A-4390-BBD3-4202CB917860}.Debug|Any CPU.ActiveCfg = Debug|Any CPU
		{703FE968-258A-4390-BBD3-4202CB917860}.Debug|Any CPU.Build.0 = Debug|Any CPU
		{703FE968-258A-4390-BBD3-4202CB917860}.Release|Any CPU.ActiveCfg = Release|Any CPU
		{703FE968-258A-4390-BBD3-4202CB917860}.Release|Any CPU.Build.0 = Release|Any CPU
	EndGlobalSection
	GlobalSection(SolutionProperties) = preSolution
		HideSolutionNode = FALSE
	EndGlobalSection
	GlobalSection(ExtensibilityGlobals) = postSolution
		SolutionGuid = {082F51D3-7DD6-46E0-9698-C1BF10C795D8}
	EndGlobalSection
EndGlobal
